
Microsoft Visual Studio Solution File, Format Version 12.00
# Visual Studio 15
VisualStudioVersion = 15.0.28307.168
MinimumVisualStudioVersion = 10.0.40219.1
Project("{A07B5EB6-E848-4116-A8D0-A826331D98C6}") = "ServiceFabricDemo", "ServiceFabricDemo\ServiceFabricDemo.sfproj", "{9DECA47B-423C-45F4-8742-443183F7B89C}"
EndProject
Project("{2150E333-8FDC-42A3-9474-1A3956D46DE8}") = "Client", "Client", "{3E6CC2FB-7B9E-4BAF-BE75-43B3F2399B74}"
EndProject
Project("{2150E333-8FDC-42A3-9474-1A3956D46DE8}") = "Stateful", "Stateful", "{DD59E1DC-B56A-4AA9-A5E0-295EA86B05F1}"
EndProject
Project("{2150E333-8FDC-42A3-9474-1A3956D46DE8}") = "API", "API", "{02560938-6D85-4CE3-AEF4-21B551279BDD}"
EndProject
Project("{FAE04EC0-301F-11D3-BF4B-00C04F79EFBC}") = "Client", "Client\Client.csproj", "{FC686B24-7414-4328-BD7D-EE09EC225764}"
EndProject
Project("{9A19103F-16F7-4668-BE54-9A1E7A4F7556}") = "WebGateway.Domain", "WebGateway.Domain\WebGateway.Domain.csproj", "{6BF88701-3A1B-4CEA-8EC0-022B882616E2}"
EndProject
Project("{9A19103F-16F7-4668-BE54-9A1E7A4F7556}") = "WebGateway", "Stateful\WebGateway\WebGateway.csproj", "{A1C6A964-18E9-4F5C-86C9-D6448D4738CE}"
EndProject
Project("{2150E333-8FDC-42A3-9474-1A3956D46DE8}") = "Solution Items", "Solution Items", "{46684D65-8C29-46B8-A6BB-47EA1FFED34C}"
	ProjectSection(SolutionItems) = preProject
		README.md = README.md
	EndProjectSection
EndProject
Global
	GlobalSection(SolutionConfigurationPlatforms) = preSolution
		Debug|Any CPU = Debug|Any CPU
		Debug|x64 = Debug|x64
		Release|Any CPU = Release|Any CPU
		Release|x64 = Release|x64
	EndGlobalSection
	GlobalSection(ProjectConfigurationPlatforms) = postSolution
		{9DECA47B-423C-45F4-8742-443183F7B89C}.Debug|Any CPU.ActiveCfg = Debug|x64
		{9DECA47B-423C-45F4-8742-443183F7B89C}.Debug|x64.ActiveCfg = Debug|x64
		{9DECA47B-423C-45F4-8742-443183F7B89C}.Debug|x64.Build.0 = Debug|x64
		{9DECA47B-423C-45F4-8742-443183F7B89C}.Debug|x64.Deploy.0 = Debug|x64
		{9DECA47B-423C-45F4-8742-443183F7B89C}.Release|Any CPU.ActiveCfg = Release|x64
		{9DECA47B-423C-45F4-8742-443183F7B89C}.Release|x64.ActiveCfg = Release|x64
		{9DECA47B-423C-45F4-8742-443183F7B89C}.Release|x64.Build.0 = Release|x64
		{9DECA47B-423C-45F4-8742-443183F7B89C}.Release|x64.Deploy.0 = Release|x64
		{FC686B24-7414-4328-BD7D-EE09EC225764}.Debug|Any CPU.ActiveCfg = Debug|Any CPU
		{FC686B24-7414-4328-BD7D-EE09EC225764}.Debug|Any CPU.Build.0 = Debug|Any CPU
		{FC686B24-7414-4328-BD7D-EE09EC225764}.Debug|x64.ActiveCfg = Debug|Any CPU
		{FC686B24-7414-4328-BD7D-EE09EC225764}.Debug|x64.Build.0 = Debug|Any CPU
		{FC686B24-7414-4328-BD7D-EE09EC225764}.Release|Any CPU.ActiveCfg = Release|Any CPU
		{FC686B24-7414-4328-BD7D-EE09EC225764}.Release|Any CPU.Build.0 = Release|Any CPU
		{FC686B24-7414-4328-BD7D-EE09EC225764}.Release|x64.ActiveCfg = Release|Any CPU
		{FC686B24-7414-4328-BD7D-EE09EC225764}.Release|x64.Build.0 = Release|Any CPU
		{6BF88701-3A1B-4CEA-8EC0-022B882616E2}.Debug|Any CPU.ActiveCfg = Debug|Any CPU
		{6BF88701-3A1B-4CEA-8EC0-022B882616E2}.Debug|Any CPU.Build.0 = Debug|Any CPU
		{6BF88701-3A1B-4CEA-8EC0-022B882616E2}.Debug|x64.ActiveCfg = Debug|Any CPU
		{6BF88701-3A1B-4CEA-8EC0-022B882616E2}.Debug|x64.Build.0 = Debug|Any CPU
		{6BF88701-3A1B-4CEA-8EC0-022B882616E2}.Release|Any CPU.ActiveCfg = Release|Any CPU
		{6BF88701-3A1B-4CEA-8EC0-022B882616E2}.Release|Any CPU.Build.0 = Release|Any CPU
		{6BF88701-3A1B-4CEA-8EC0-022B882616E2}.Release|x64.ActiveCfg = Release|Any CPU
		{6BF88701-3A1B-4CEA-8EC0-022B882616E2}.Release|x64.Build.0 = Release|Any CPU
		{A1C6A964-18E9-4F5C-86C9-D6448D4738CE}.Debug|Any CPU.ActiveCfg = Debug|Any CPU
		{A1C6A964-18E9-4F5C-86C9-D6448D4738CE}.Debug|Any CPU.Build.0 = Debug|Any CPU
		{A1C6A964-18E9-4F5C-86C9-D6448D4738CE}.Debug|x64.ActiveCfg = Debug|Any CPU
		{A1C6A964-18E9-4F5C-86C9-D6448D4738CE}.Debug|x64.Build.0 = Debug|Any CPU
		{A1C6A964-18E9-4F5C-86C9-D6448D4738CE}.Release|Any CPU.ActiveCfg = Release|Any CPU
		{A1C6A964-18E9-4F5C-86C9-D6448D4738CE}.Release|Any CPU.Build.0 = Release|Any CPU
		{A1C6A964-18E9-4F5C-86C9-D6448D4738CE}.Release|x64.ActiveCfg = Release|Any CPU
		{A1C6A964-18E9-4F5C-86C9-D6448D4738CE}.Release|x64.Build.0 = Release|Any CPU
	EndGlobalSection
	GlobalSection(SolutionProperties) = preSolution
		HideSolutionNode = FALSE
	EndGlobalSection
	GlobalSection(NestedProjects) = preSolution
		{FC686B24-7414-4328-BD7D-EE09EC225764} = {3E6CC2FB-7B9E-4BAF-BE75-43B3F2399B74}
		{6BF88701-3A1B-4CEA-8EC0-022B882616E2} = {02560938-6D85-4CE3-AEF4-21B551279BDD}
		{A1C6A964-18E9-4F5C-86C9-D6448D4738CE} = {DD59E1DC-B56A-4AA9-A5E0-295EA86B05F1}
	EndGlobalSection
	GlobalSection(ExtensibilityGlobals) = postSolution
		SolutionGuid = {4887497C-3030-4743-906C-BC7D6A83BEE2}
	EndGlobalSection
EndGlobal
